
Microsoft Visual Studio Solution File, Format Version 12.00
# Visual Studio Version 17
VisualStudioVersion = 17.9.34622.214
MinimumVisualStudioVersion = 10.0.40219.1
Project("{9A19103F-16F7-4668-BE54-9A1E7A4F7556}") = "BlazorEcommerceApp.Server", "BlazorEcommerceApp\Server\BlazorEcommerceApp.Server.csproj", "{21568F5D-ECB5-4724-B5A1-B0E724C52C9A}"
EndProject
Project("{9A19103F-16F7-4668-BE54-9A1E7A4F7556}") = "BlazorEcommerceApp.Client", "BlazorEcommerceApp\Client\BlazorEcommerceApp.Client.csproj", "{3FDFEDE3-156D-4D42-9A6C-66A204BD407B}"
EndProject
Project("{9A19103F-16F7-4668-BE54-9A1E7A4F7556}") = "BlazorEcommerceApp.Shared", "BlazorEcommerceApp\Shared\BlazorEcommerceApp.Shared.csproj", "{9533D84D-925C-4880-BD9C-5A9329217830}"
EndProject
Global
	GlobalSection(SolutionConfigurationPlatforms) = preSolution
		Debug|Any CPU = Debug|Any CPU
		Release|Any CPU = Release|Any CPU
	EndGlobalSection
	GlobalSection(ProjectConfigurationPlatforms) = postSolution
		{21568F5D-ECB5-4724-B5A1-B0E724C52C9A}.Debug|Any CPU.ActiveCfg = Debug|Any CPU
		{21568F5D-ECB5-4724-B5A1-B0E724C52C9A}.Debug|Any CPU.Build.0 = Debug|Any CPU
		{21568F5D-ECB5-4724-B5A1-B0E724C52C9A}.Release|Any CPU.ActiveCfg = Release|Any CPU
		{21568F5D-ECB5-4724-B5A1-B0E724C52C9A}.Release|Any CPU.Build.0 = Release|Any CPU
		{3FDFEDE3-156D-4D42-9A6C-66A204BD407B}.Debug|Any CPU.ActiveCfg = Debug|Any CPU
		{3FDFEDE3-156D-4D42-9A6C-66A204BD407B}.Debug|Any CPU.Build.0 = Debug|Any CPU
		{3FDFEDE3-156D-4D42-9A6C-66A204BD407B}.Release|Any CPU.ActiveCfg = Release|Any CPU
		{3FDFEDE3-156D-4D42-9A6C-66A204BD407B}.Release|Any CPU.Build.0 = Release|Any CPU
		{9533D84D-925C-4880-BD9C-5A9329217830}.Debug|Any CPU.ActiveCfg = Debug|Any CPU
		{9533D84D-925C-4880-BD9C-5A9329217830}.Debug|Any CPU.Build.0 = Debug|Any CPU
		{9533D84D-925C-4880-BD9C-5A9329217830}.Release|Any CPU.ActiveCfg = Release|Any CPU
		{9533D84D-925C-4880-BD9C-5A9329217830}.Release|Any CPU.Build.0 = Release|Any CPU
	EndGlobalSection
	GlobalSection(SolutionProperties) = preSolution
		HideSolutionNode = FALSE
	EndGlobalSection
	GlobalSection(ExtensibilityGlobals) = postSolution
		SolutionGuid = {196799A3-67E7-4E17-8864-3034CC7763D6}
	EndGlobalSection
EndGlobal
